
Microsoft Visual Studio Solution File, Format Version 12.00
# Visual Studio Version 16
VisualStudioVersion = 16.0.33328.57
MinimumVisualStudioVersion = 10.0.40219.1
Project("{FAE04EC0-301F-11D3-BF4B-00C04F79EFBC}") = "AutoClick", "AutoClick\AutoClick.csproj", "{ED138A37-570F-4698-8CC4-C33BC718092D}"
EndProject
Global
	GlobalSection(SolutionConfigurationPlatforms) = preSolution
		Debug|Any CPU = Debug|Any CPU
		Release|Any CPU = Release|Any CPU
	EndGlobalSection
	GlobalSection(ProjectConfigurationPlatforms) = postSolution
		{ED138A37-570F-4698-8CC4-C33BC718092D}.Debug|Any CPU.ActiveCfg = Debug|Any CPU
		{ED138A37-570F-4698-8CC4-C33BC718092D}.Debug|Any CPU.Build.0 = Debug|Any CPU
		{ED138A37-570F-4698-8CC4-C33BC718092D}.Release|Any CPU.ActiveCfg = Release|Any CPU
		{ED138A37-570F-4698-8CC4-C33BC718092D}.Release|Any CPU.Build.0 = Release|Any CPU
	EndGlobalSection
	GlobalSection(SolutionProperties) = preSolution
		HideSolutionNode = FALSE
	EndGlobalSection
	GlobalSection(ExtensibilityGlobals) = postSolution
		SolutionGuid = {16F873DD-ECA0-4FB2-AC46-2B3B2996F7B5}
	EndGlobalSection
EndGlobal
